
Microsoft Visual Studio Solution File, Format Version 12.00
# Visual Studio 15
VisualStudioVersion = 15.0.28010.2003
MinimumVisualStudioVersion = 10.0.40219.1
Project("{FAE04EC0-301F-11D3-BF4B-00C04F79EFBC}") = "Filtres", "Filtres\Filtres.csproj", "{EA865CAD-B1F0-4CBD-AA10-930FCB9EBEBD}"
EndProject
Global
	GlobalSection(SolutionConfigurationPlatforms) = preSolution
		Debug|Any CPU = Debug|Any CPU
		Release|Any CPU = Release|Any CPU
	EndGlobalSection
	GlobalSection(ProjectConfigurationPlatforms) = postSolution
		{EA865CAD-B1F0-4CBD-AA10-930FCB9EBEBD}.Debug|Any CPU.ActiveCfg = Debug|Any CPU
		{EA865CAD-B1F0-4CBD-AA10-930FCB9EBEBD}.Debug|Any CPU.Build.0 = Debug|Any CPU
		{EA865CAD-B1F0-4CBD-AA10-930FCB9EBEBD}.Release|Any CPU.ActiveCfg = Release|Any CPU
		{EA865CAD-B1F0-4CBD-AA10-930FCB9EBEBD}.Release|Any CPU.Build.0 = Release|Any CPU
	EndGlobalSection
	GlobalSection(SolutionProperties) = preSolution
		HideSolutionNode = FALSE
	EndGlobalSection
	GlobalSection(ExtensibilityGlobals) = postSolution
		SolutionGuid = {8C7E6665-E5C2-4D98-B5DF-CEAEE7770E04}
	EndGlobalSection
EndGlobal
